
Microsoft Visual Studio Solution File, Format Version 12.00
# Visual Studio Version 17
VisualStudioVersion = 17.6.33815.320
MinimumVisualStudioVersion = 10.0.40219.1
Project("{FAE04EC0-301F-11D3-BF4B-00C04F79EFBC}") = "PZ_01", "PZ_01\PZ_01.csproj", "{4B8CF715-D513-4DEF-A2C0-5C75C091FBE7}"
EndProject
Global
	GlobalSection(SolutionConfigurationPlatforms) = preSolution
		Debug|Any CPU = Debug|Any CPU
		Release|Any CPU = Release|Any CPU
	EndGlobalSection
	GlobalSection(ProjectConfigurationPlatforms) = postSolution
		{4B8CF715-D513-4DEF-A2C0-5C75C091FBE7}.Debug|Any CPU.ActiveCfg = Debug|Any CPU
		{4B8CF715-D513-4DEF-A2C0-5C75C091FBE7}.Debug|Any CPU.Build.0 = Debug|Any CPU
		{4B8CF715-D513-4DEF-A2C0-5C75C091FBE7}.Release|Any CPU.ActiveCfg = Release|Any CPU
		{4B8CF715-D513-4DEF-A2C0-5C75C091FBE7}.Release|Any CPU.Build.0 = Release|Any CPU
	EndGlobalSection
	GlobalSection(SolutionProperties) = preSolution
		HideSolutionNode = FALSE
	EndGlobalSection
	GlobalSection(ExtensibilityGlobals) = postSolution
		SolutionGuid = {F1D48BE0-5D2A-42AA-BF2C-6ED840042B12}
	EndGlobalSection
EndGlobal
