
Microsoft Visual Studio Solution File, Format Version 12.00
# Visual Studio Version 17
VisualStudioVersion = 17.6.33815.320
MinimumVisualStudioVersion = 10.0.40219.1
Project("{9A19103F-16F7-4668-BE54-9A1E7A4F7556}") = "PZ_01", "PZ_01\PZ_01.csproj", "{4B8CF715-D513-4DEF-A2C0-5C75C091FBE7}"
EndProject
Project("{9A19103F-16F7-4668-BE54-9A1E7A4F7556}") = "PZ_02", "PZ_02\PZ_02.csproj", "{1897D78B-8762-4365-B78F-13BB64F37CE2}"
EndProject
Project("{9A19103F-16F7-4668-BE54-9A1E7A4F7556}") = "PZ_03", "PZ_03\PZ_03.csproj", "{E731640D-47F2-40E8-AAD3-841F1FCD1D17}"
EndProject
Project("{9A19103F-16F7-4668-BE54-9A1E7A4F7556}") = "PZ_04", "PZ_04\PZ_04.csproj", "{1CA6DD7F-7679-4EA7-957D-B891772B80BE}"
EndProject
Project("{9A19103F-16F7-4668-BE54-9A1E7A4F7556}") = "PZ_05", "PZ_05\PZ_05.csproj", "{CB3738AF-B312-45B6-B527-6A527B27B937}"
EndProject
Project("{9A19103F-16F7-4668-BE54-9A1E7A4F7556}") = "PZ_06", "PZ_06\PZ_06.csproj", "{92DB7FA5-D7FE-48F5-ACFE-F8188C2A3B96}"
EndProject
Project("{9A19103F-16F7-4668-BE54-9A1E7A4F7556}") = "PZ_07", "PZ_07\PZ_07.csproj", "{121576AE-8BAC-4ACC-A99D-AC36E831494A}"
EndProject
Project("{9A19103F-16F7-4668-BE54-9A1E7A4F7556}") = "PZ_08", "PZ_08\PZ_08.csproj", "{2B6A3C95-377F-4531-8FAC-8B9DD960E901}"
EndProject
Project("{FAE04EC0-301F-11D3-BF4B-00C04F79EFBC}") = "PZ_09", "PZ_09\PZ_09.csproj", "{FF1096F8-53D0-43C6-8B84-EE087B4CDAB1}"
EndProject
Global
	GlobalSection(SolutionConfigurationPlatforms) = preSolution
		Debug|Any CPU = Debug|Any CPU
		Release|Any CPU = Release|Any CPU
	EndGlobalSection
	GlobalSection(ProjectConfigurationPlatforms) = postSolution
		{4B8CF715-D513-4DEF-A2C0-5C75C091FBE7}.Debug|Any CPU.ActiveCfg = Debug|Any CPU
		{4B8CF715-D513-4DEF-A2C0-5C75C091FBE7}.Debug|Any CPU.Build.0 = Debug|Any CPU
		{4B8CF715-D513-4DEF-A2C0-5C75C091FBE7}.Release|Any CPU.ActiveCfg = Release|Any CPU
		{4B8CF715-D513-4DEF-A2C0-5C75C091FBE7}.Release|Any CPU.Build.0 = Release|Any CPU
		{1897D78B-8762-4365-B78F-13BB64F37CE2}.Debug|Any CPU.ActiveCfg = Debug|Any CPU
		{1897D78B-8762-4365-B78F-13BB64F37CE2}.Debug|Any CPU.Build.0 = Debug|Any CPU
		{1897D78B-8762-4365-B78F-13BB64F37CE2}.Release|Any CPU.ActiveCfg = Release|Any CPU
		{1897D78B-8762-4365-B78F-13BB64F37CE2}.Release|Any CPU.Build.0 = Release|Any CPU
		{E731640D-47F2-40E8-AAD3-841F1FCD1D17}.Debug|Any CPU.ActiveCfg = Debug|Any CPU
		{E731640D-47F2-40E8-AAD3-841F1FCD1D17}.Debug|Any CPU.Build.0 = Debug|Any CPU
		{E731640D-47F2-40E8-AAD3-841F1FCD1D17}.Release|Any CPU.ActiveCfg = Release|Any CPU
		{E731640D-47F2-40E8-AAD3-841F1FCD1D17}.Release|Any CPU.Build.0 = Release|Any CPU
		{1CA6DD7F-7679-4EA7-957D-B891772B80BE}.Debug|Any CPU.ActiveCfg = Debug|Any CPU
		{1CA6DD7F-7679-4EA7-957D-B891772B80BE}.Debug|Any CPU.Build.0 = Debug|Any CPU
		{1CA6DD7F-7679-4EA7-957D-B891772B80BE}.Release|Any CPU.ActiveCfg = Release|Any CPU
		{1CA6DD7F-7679-4EA7-957D-B891772B80BE}.Release|Any CPU.Build.0 = Release|Any CPU
		{CB3738AF-B312-45B6-B527-6A527B27B937}.Debug|Any CPU.ActiveCfg = Debug|Any CPU
		{CB3738AF-B312-45B6-B527-6A527B27B937}.Debug|Any CPU.Build.0 = Debug|Any CPU
		{CB3738AF-B312-45B6-B527-6A527B27B937}.Release|Any CPU.ActiveCfg = Release|Any CPU
		{CB3738AF-B312-45B6-B527-6A527B27B937}.Release|Any CPU.Build.0 = Release|Any CPU
		{92DB7FA5-D7FE-48F5-ACFE-F8188C2A3B96}.Debug|Any CPU.ActiveCfg = Debug|Any CPU
		{92DB7FA5-D7FE-48F5-ACFE-F8188C2A3B96}.Debug|Any CPU.Build.0 = Debug|Any CPU
		{92DB7FA5-D7FE-48F5-ACFE-F8188C2A3B96}.Release|Any CPU.ActiveCfg = Release|Any CPU
		{92DB7FA5-D7FE-48F5-ACFE-F8188C2A3B96}.Release|Any CPU.Build.0 = Release|Any CPU
		{121576AE-8BAC-4ACC-A99D-AC36E831494A}.Debug|Any CPU.ActiveCfg = Debug|Any CPU
		{121576AE-8BAC-4ACC-A99D-AC36E831494A}.Debug|Any CPU.Build.0 = Debug|Any CPU
		{121576AE-8BAC-4ACC-A99D-AC36E831494A}.Release|Any CPU.ActiveCfg = Release|Any CPU
		{121576AE-8BAC-4ACC-A99D-AC36E831494A}.Release|Any CPU.Build.0 = Release|Any CPU
		{2B6A3C95-377F-4531-8FAC-8B9DD960E901}.Debug|Any CPU.ActiveCfg = Debug|Any CPU
		{2B6A3C95-377F-4531-8FAC-8B9DD960E901}.Debug|Any CPU.Build.0 = Debug|Any CPU
		{2B6A3C95-377F-4531-8FAC-8B9DD960E901}.Release|Any CPU.ActiveCfg = Release|Any CPU
		{2B6A3C95-377F-4531-8FAC-8B9DD960E901}.Release|Any CPU.Build.0 = Release|Any CPU
		{FF1096F8-53D0-43C6-8B84-EE087B4CDAB1}.Debug|Any CPU.ActiveCfg = Debug|Any CPU
		{FF1096F8-53D0-43C6-8B84-EE087B4CDAB1}.Debug|Any CPU.Build.0 = Debug|Any CPU
		{FF1096F8-53D0-43C6-8B84-EE087B4CDAB1}.Release|Any CPU.ActiveCfg = Release|Any CPU
		{FF1096F8-53D0-43C6-8B84-EE087B4CDAB1}.Release|Any CPU.Build.0 = Release|Any CPU
	EndGlobalSection
	GlobalSection(SolutionProperties) = preSolution
		HideSolutionNode = FALSE
	EndGlobalSection
	GlobalSection(ExtensibilityGlobals) = postSolution
		SolutionGuid = {F1D48BE0-5D2A-42AA-BF2C-6ED840042B12}
	EndGlobalSection
EndGlobal
